// !$*UTF8*$!
{
	archiveVersion = 1;
	classes = {
	};
	objectVersion = 46;
	objects = {

/* Begin PBXBuildFile section */
		18934E781BAB130100657490 /* NSObject+AWStubAdditions.m in Sources */ = {isa = PBXBuildFile; fileRef = 18934E771BAB130100657490 /* NSObject+AWStubAdditions.m */; };
		18C7F1E31B84955300D8DF44 /* AppDelegate.swift in Sources */ = {isa = PBXBuildFile; fileRef = 18C7F1E21B84955300D8DF44 /* AppDelegate.swift */; };
		18C7F1E51B84955300D8DF44 /* ViewController.swift in Sources */ = {isa = PBXBuildFile; fileRef = 18C7F1E41B84955300D8DF44 /* ViewController.swift */; };
		18C7F1E81B84955300D8DF44 /* Main.storyboard in Resources */ = {isa = PBXBuildFile; fileRef = 18C7F1E61B84955300D8DF44 /* Main.storyboard */; };
		18C7F1EA1B84955300D8DF44 /* Images.xcassets in Resources */ = {isa = PBXBuildFile; fileRef = 18C7F1E91B84955300D8DF44 /* Images.xcassets */; };
		18C7F1ED1B84955300D8DF44 /* LaunchScreen.xib in Resources */ = {isa = PBXBuildFile; fileRef = 18C7F1EB1B84955300D8DF44 /* LaunchScreen.xib */; };
		18C7F1F91B84955300D8DF44 /* PublicFloatTests.swift in Sources */ = {isa = PBXBuildFile; fileRef = 18C7F1F81B84955300D8DF44 /* PublicFloatTests.swift */; };
		18D6004C1B9DA0F1007EE280 /* HTTPSessionManager.swift in Sources */ = {isa = PBXBuildFile; fileRef = 18D6004B1B9DA0F1007EE280 /* HTTPSessionManager.swift */; };
		18D6004F1B9DAF3C007EE280 /* ArtWork.swift in Sources */ = {isa = PBXBuildFile; fileRef = 18D6004E1B9DAF3C007EE280 /* ArtWork.swift */; };
		18F565C61B98768C00A84DFA /* PFServerAPIStubs.m in Sources */ = {isa = PBXBuildFile; fileRef = 18F565C51B98768C00A84DFA /* PFServerAPIStubs.m */; };
		5FDEC63C480C933430220C6C /* Pods_PublicFloatTests.framework in Frameworks */ = {isa = PBXBuildFile; fileRef = A956685C0083C5341E34F55B /* Pods_PublicFloatTests.framework */; settings = {ATTRIBUTES = (Weak, ); }; };
		BA42C625906CF704A66DA16A /* Pods_PublicFloat.framework in Frameworks */ = {isa = PBXBuildFile; fileRef = 40156B90B0C11FB5D2C48859 /* Pods_PublicFloat.framework */; settings = {ATTRIBUTES = (Weak, ); }; };
/* End PBXBuildFile section */

/* Begin PBXContainerItemProxy section */
		18C7F1F31B84955300D8DF44 /* PBXContainerItemProxy */ = {
			isa = PBXContainerItemProxy;
			containerPortal = 18C7F1D51B84955300D8DF44 /* Project object */;
			proxyType = 1;
			remoteGlobalIDString = 18C7F1DC1B84955300D8DF44;
			remoteInfo = PublicFloat;
		};
/* End PBXContainerItemProxy section */

/* Begin PBXFileReference section */
		075551875E2DBE7263AE4A39 /* Pods-PublicFloatTests.release.xcconfig */ = {isa = PBXFileReference; includeInIndex = 1; lastKnownFileType = text.xcconfig; name = "Pods-PublicFloatTests.release.xcconfig"; path = "Pods/Target Support Files/Pods-PublicFloatTests/Pods-PublicFloatTests.release.xcconfig"; sourceTree = "<group>"; };
		18934E761BAB130100657490 /* NSObject+AWStubAdditions.h */ = {isa = PBXFileReference; fileEncoding = 4; lastKnownFileType = sourcecode.c.h; path = "NSObject+AWStubAdditions.h"; sourceTree = "<group>"; };
		18934E771BAB130100657490 /* NSObject+AWStubAdditions.m */ = {isa = PBXFileReference; fileEncoding = 4; lastKnownFileType = sourcecode.c.objc; path = "NSObject+AWStubAdditions.m"; sourceTree = "<group>"; };
		18C7F1DD1B84955300D8DF44 /* PublicFloat.app */ = {isa = PBXFileReference; explicitFileType = wrapper.application; includeInIndex = 0; path = PublicFloat.app; sourceTree = BUILT_PRODUCTS_DIR; };
		18C7F1E11B84955300D8DF44 /* Info.plist */ = {isa = PBXFileReference; lastKnownFileType = text.plist.xml; path = Info.plist; sourceTree = "<group>"; };
		18C7F1E21B84955300D8DF44 /* AppDelegate.swift */ = {isa = PBXFileReference; lastKnownFileType = sourcecode.swift; path = AppDelegate.swift; sourceTree = "<group>"; };
		18C7F1E41B84955300D8DF44 /* ViewController.swift */ = {isa = PBXFileReference; lastKnownFileType = sourcecode.swift; path = ViewController.swift; sourceTree = "<group>"; };
		18C7F1E71B84955300D8DF44 /* Base */ = {isa = PBXFileReference; lastKnownFileType = file.storyboard; name = Base; path = Base.lproj/Main.storyboard; sourceTree = "<group>"; };
		18C7F1E91B84955300D8DF44 /* Images.xcassets */ = {isa = PBXFileReference; lastKnownFileType = folder.assetcatalog; path = Images.xcassets; sourceTree = "<group>"; };
		18C7F1EC1B84955300D8DF44 /* Base */ = {isa = PBXFileReference; lastKnownFileType = file.xib; name = Base; path = Base.lproj/LaunchScreen.xib; sourceTree = "<group>"; };
		18C7F1F21B84955300D8DF44 /* PublicFloatTests.xctest */ = {isa = PBXFileReference; explicitFileType = wrapper.cfbundle; includeInIndex = 0; path = PublicFloatTests.xctest; sourceTree = BUILT_PRODUCTS_DIR; };
		18C7F1F71B84955300D8DF44 /* Info.plist */ = {isa = PBXFileReference; lastKnownFileType = text.plist.xml; path = Info.plist; sourceTree = "<group>"; };
		18C7F1F81B84955300D8DF44 /* PublicFloatTests.swift */ = {isa = PBXFileReference; lastKnownFileType = sourcecode.swift; path = PublicFloatTests.swift; sourceTree = "<group>"; };
		18D6004B1B9DA0F1007EE280 /* HTTPSessionManager.swift */ = {isa = PBXFileReference; fileEncoding = 4; lastKnownFileType = sourcecode.swift; path = HTTPSessionManager.swift; sourceTree = "<group>"; };
		18D6004E1B9DAF3C007EE280 /* ArtWork.swift */ = {isa = PBXFileReference; fileEncoding = 4; lastKnownFileType = sourcecode.swift; path = ArtWork.swift; sourceTree = "<group>"; };
		18D600571B9DDEFA007EE280 /* PublicFloatTests-Bridging-Header.h */ = {isa = PBXFileReference; fileEncoding = 4; lastKnownFileType = sourcecode.c.h; path = "PublicFloatTests-Bridging-Header.h"; sourceTree = "<group>"; };
		18D600581B9DDF03007EE280 /* PublicFloat-Bridging-Header.h */ = {isa = PBXFileReference; fileEncoding = 4; lastKnownFileType = sourcecode.c.h; path = "PublicFloat-Bridging-Header.h"; sourceTree = "<group>"; };
		18D6005B1B9DE012007EE280 /* PublicFloatTestHeader.h */ = {isa = PBXFileReference; lastKnownFileType = sourcecode.c.h; path = PublicFloatTestHeader.h; sourceTree = "<group>"; };
		18F565C41B98768C00A84DFA /* PFServerAPIStubs.h */ = {isa = PBXFileReference; fileEncoding = 4; lastKnownFileType = sourcecode.c.h; path = PFServerAPIStubs.h; sourceTree = "<group>"; };
		18F565C51B98768C00A84DFA /* PFServerAPIStubs.m */ = {isa = PBXFileReference; fileEncoding = 4; lastKnownFileType = sourcecode.c.objc; path = PFServerAPIStubs.m; sourceTree = "<group>"; };
		2EEECC896E89A222E699BD9B /* Pods-PublicFloat.debug.xcconfig */ = {isa = PBXFileReference; includeInIndex = 1; lastKnownFileType = text.xcconfig; name = "Pods-PublicFloat.debug.xcconfig"; path = "Pods/Target Support Files/Pods-PublicFloat/Pods-PublicFloat.debug.xcconfig"; sourceTree = "<group>"; };
		40156B90B0C11FB5D2C48859 /* Pods_PublicFloat.framework */ = {isa = PBXFileReference; explicitFileType = wrapper.framework; includeInIndex = 0; path = Pods_PublicFloat.framework; sourceTree = BUILT_PRODUCTS_DIR; };
		571D1435F557D76C524A1EB2 /* Pods-PublicFloatTests.debug.xcconfig */ = {isa = PBXFileReference; includeInIndex = 1; lastKnownFileType = text.xcconfig; name = "Pods-PublicFloatTests.debug.xcconfig"; path = "Pods/Target Support Files/Pods-PublicFloatTests/Pods-PublicFloatTests.debug.xcconfig"; sourceTree = "<group>"; };
		82797EA8EE0F012FE48F39D4 /* Pods-PublicFloat.release.xcconfig */ = {isa = PBXFileReference; includeInIndex = 1; lastKnownFileType = text.xcconfig; name = "Pods-PublicFloat.release.xcconfig"; path = "Pods/Target Support Files/Pods-PublicFloat/Pods-PublicFloat.release.xcconfig"; sourceTree = "<group>"; };
		A956685C0083C5341E34F55B /* Pods_PublicFloatTests.framework */ = {isa = PBXFileReference; explicitFileType = wrapper.framework; includeInIndex = 0; path = Pods_PublicFloatTests.framework; sourceTree = BUILT_PRODUCTS_DIR; };
/* End PBXFileReference section */

/* Begin PBXFrameworksBuildPhase section */
		18C7F1DA1B84955300D8DF44 /* Frameworks */ = {
			isa = PBXFrameworksBuildPhase;
			buildActionMask = 2147483647;
			files = (
				BA42C625906CF704A66DA16A /* Pods_PublicFloat.framework in Frameworks */,
			);
			runOnlyForDeploymentPostprocessing = 0;
		};
		18C7F1EF1B84955300D8DF44 /* Frameworks */ = {
			isa = PBXFrameworksBuildPhase;
			buildActionMask = 2147483647;
			files = (
				5FDEC63C480C933430220C6C /* Pods_PublicFloatTests.framework in Frameworks */,
			);
			runOnlyForDeploymentPostprocessing = 0;
		};
/* End PBXFrameworksBuildPhase section */

/* Begin PBXGroup section */
		18934E751BAB12D800657490 /* TestData */ = {
			isa = PBXGroup;
			children = (
				18934E761BAB130100657490 /* NSObject+AWStubAdditions.h */,
				18934E771BAB130100657490 /* NSObject+AWStubAdditions.m */,
			);
			path = TestData;
			sourceTree = "<group>";
		};
		18C7F1D41B84955300D8DF44 = {
			isa = PBXGroup;
			children = (
				18C7F1F51B84955300D8DF44 /* PublicFloatTests */,
				18C7F1DF1B84955300D8DF44 /* PublicFloat */,
				18C7F1DE1B84955300D8DF44 /* Products */,
				B23E5CAFA0D09972A173F232 /* Pods */,
				1F59D3C177AFCC3468159792 /* Frameworks */,
			);
			sourceTree = "<group>";
		};
		18C7F1DE1B84955300D8DF44 /* Products */ = {
			isa = PBXGroup;
			children = (
				18C7F1DD1B84955300D8DF44 /* PublicFloat.app */,
				18C7F1F21B84955300D8DF44 /* PublicFloatTests.xctest */,
			);
			name = Products;
			sourceTree = "<group>";
		};
		18C7F1DF1B84955300D8DF44 /* PublicFloat */ = {
			isa = PBXGroup;
			children = (
				18D600581B9DDF03007EE280 /* PublicFloat-Bridging-Header.h */,
				18D6004D1B9DAF2E007EE280 /* Model */,
				18D6004A1B9DA0C9007EE280 /* Networking */,
				18C7F1E21B84955300D8DF44 /* AppDelegate.swift */,
				18C7F1E41B84955300D8DF44 /* ViewController.swift */,
				18C7F1E61B84955300D8DF44 /* Main.storyboard */,
				18C7F1E91B84955300D8DF44 /* Images.xcassets */,
				18C7F1EB1B84955300D8DF44 /* LaunchScreen.xib */,
				18C7F1E01B84955300D8DF44 /* Supporting Files */,
				18F565C41B98768C00A84DFA /* PFServerAPIStubs.h */,
				18F565C51B98768C00A84DFA /* PFServerAPIStubs.m */,
			);
			path = PublicFloat;
			sourceTree = "<group>";
		};
		18C7F1E01B84955300D8DF44 /* Supporting Files */ = {
			isa = PBXGroup;
			children = (
				18C7F1E11B84955300D8DF44 /* Info.plist */,
			);
			name = "Supporting Files";
			sourceTree = "<group>";
		};
		18C7F1F51B84955300D8DF44 /* PublicFloatTests */ = {
			isa = PBXGroup;
			children = (
				18934E751BAB12D800657490 /* TestData */,
				18D600571B9DDEFA007EE280 /* PublicFloatTests-Bridging-Header.h */,
				18C7F1F81B84955300D8DF44 /* PublicFloatTests.swift */,
				18C7F1F61B84955300D8DF44 /* Supporting Files */,
				18D6005B1B9DE012007EE280 /* PublicFloatTestHeader.h */,
			);
			path = PublicFloatTests;
			sourceTree = "<group>";
		};
		18C7F1F61B84955300D8DF44 /* Supporting Files */ = {
			isa = PBXGroup;
			children = (
				18C7F1F71B84955300D8DF44 /* Info.plist */,
			);
			name = "Supporting Files";
			sourceTree = "<group>";
		};
		18D6004A1B9DA0C9007EE280 /* Networking */ = {
			isa = PBXGroup;
			children = (
				18D6004B1B9DA0F1007EE280 /* HTTPSessionManager.swift */,
			);
			path = Networking;
			sourceTree = "<group>";
		};
		18D6004D1B9DAF2E007EE280 /* Model */ = {
			isa = PBXGroup;
			children = (
				18D6004E1B9DAF3C007EE280 /* ArtWork.swift */,
			);
			path = Model;
			sourceTree = "<group>";
		};
		1F59D3C177AFCC3468159792 /* Frameworks */ = {
			isa = PBXGroup;
			children = (
				40156B90B0C11FB5D2C48859 /* Pods_PublicFloat.framework */,
				A956685C0083C5341E34F55B /* Pods_PublicFloatTests.framework */,
			);
			name = Frameworks;
			sourceTree = "<group>";
		};
		B23E5CAFA0D09972A173F232 /* Pods */ = {
			isa = PBXGroup;
			children = (
				2EEECC896E89A222E699BD9B /* Pods-PublicFloat.debug.xcconfig */,
				82797EA8EE0F012FE48F39D4 /* Pods-PublicFloat.release.xcconfig */,
				571D1435F557D76C524A1EB2 /* Pods-PublicFloatTests.debug.xcconfig */,
				075551875E2DBE7263AE4A39 /* Pods-PublicFloatTests.release.xcconfig */,
			);
			name = Pods;
			sourceTree = "<group>";
		};
/* End PBXGroup section */

/* Begin PBXNativeTarget section */
		18C7F1DC1B84955300D8DF44 /* PublicFloat */ = {
			isa = PBXNativeTarget;
			buildConfigurationList = 18C7F1FC1B84955300D8DF44 /* Build configuration list for PBXNativeTarget "PublicFloat" */;
			buildPhases = (
				EA189D07E488A811D7B409B9 /* Check Pods Manifest.lock */,
				18C7F1D91B84955300D8DF44 /* Sources */,
				18C7F1DA1B84955300D8DF44 /* Frameworks */,
				18C7F1DB1B84955300D8DF44 /* Resources */,
				924E77540BFC8D38DE60B54F /* Embed Pods Frameworks */,
				13D2BA67C3AE88A7C6BD253E /* Copy Pods Resources */,
			);
			buildRules = (
			);
			dependencies = (
			);
			name = PublicFloat;
			productName = PublicFloat;
			productReference = 18C7F1DD1B84955300D8DF44 /* PublicFloat.app */;
			productType = "com.apple.product-type.application";
		};
		18C7F1F11B84955300D8DF44 /* PublicFloatTests */ = {
			isa = PBXNativeTarget;
			buildConfigurationList = 18C7F1FF1B84955300D8DF44 /* Build configuration list for PBXNativeTarget "PublicFloatTests" */;
			buildPhases = (
				4DBFEFFE7C47A1E004DE2737 /* Check Pods Manifest.lock */,
				18C7F1EE1B84955300D8DF44 /* Sources */,
				18C7F1EF1B84955300D8DF44 /* Frameworks */,
				18C7F1F01B84955300D8DF44 /* Resources */,
				1F854DFE0C1C46FFD907236F /* Embed Pods Frameworks */,
				B1196F44824FB2700F6027DB /* Copy Pods Resources */,
			);
			buildRules = (
			);
			dependencies = (
				18C7F1F41B84955300D8DF44 /* PBXTargetDependency */,
			);
			name = PublicFloatTests;
			productName = PublicFloatTests;
			productReference = 18C7F1F21B84955300D8DF44 /* PublicFloatTests.xctest */;
			productType = "com.apple.product-type.bundle.unit-test";
		};
/* End PBXNativeTarget section */

/* Begin PBXProject section */
		18C7F1D51B84955300D8DF44 /* Project object */ = {
			isa = PBXProject;
			attributes = {
				LastUpgradeCheck = 0640;
				ORGANIZATIONNAME = YellowTeam;
				TargetAttributes = {
					18C7F1DC1B84955300D8DF44 = {
						CreatedOnToolsVersion = 6.4;
					};
					18C7F1F11B84955300D8DF44 = {
						CreatedOnToolsVersion = 6.4;
						TestTargetID = 18C7F1DC1B84955300D8DF44;
					};
				};
			};
			buildConfigurationList = 18C7F1D81B84955300D8DF44 /* Build configuration list for PBXProject "PublicFloat" */;
			compatibilityVersion = "Xcode 3.2";
			developmentRegion = English;
			hasScannedForEncodings = 0;
			knownRegions = (
				en,
				Base,
			);
			mainGroup = 18C7F1D41B84955300D8DF44;
			productRefGroup = 18C7F1DE1B84955300D8DF44 /* Products */;
			projectDirPath = "";
			projectRoot = "";
			targets = (
				18C7F1DC1B84955300D8DF44 /* PublicFloat */,
				18C7F1F11B84955300D8DF44 /* PublicFloatTests */,
			);
		};
/* End PBXProject section */

/* Begin PBXResourcesBuildPhase section */
		18C7F1DB1B84955300D8DF44 /* Resources */ = {
			isa = PBXResourcesBuildPhase;
			buildActionMask = 2147483647;
			files = (
				18C7F1E81B84955300D8DF44 /* Main.storyboard in Resources */,
				18C7F1ED1B84955300D8DF44 /* LaunchScreen.xib in Resources */,
				18C7F1EA1B84955300D8DF44 /* Images.xcassets in Resources */,
			);
			runOnlyForDeploymentPostprocessing = 0;
		};
		18C7F1F01B84955300D8DF44 /* Resources */ = {
			isa = PBXResourcesBuildPhase;
			buildActionMask = 2147483647;
			files = (
			);
			runOnlyForDeploymentPostprocessing = 0;
		};
/* End PBXResourcesBuildPhase section */

/* Begin PBXShellScriptBuildPhase section */
		13D2BA67C3AE88A7C6BD253E /* Copy Pods Resources */ = {
			isa = PBXShellScriptBuildPhase;
			buildActionMask = 2147483647;
			files = (
			);
			inputPaths = (
			);
			name = "Copy Pods Resources";
			outputPaths = (
			);
			runOnlyForDeploymentPostprocessing = 0;
			shellPath = /bin/sh;
			shellScript = "\"${SRCROOT}/Pods/Target Support Files/Pods-PublicFloat/Pods-PublicFloat-resources.sh\"\n";
			showEnvVarsInLog = 0;
		};
		1F854DFE0C1C46FFD907236F /* Embed Pods Frameworks */ = {
			isa = PBXShellScriptBuildPhase;
			buildActionMask = 2147483647;
			files = (
			);
			inputPaths = (
			);
			name = "Embed Pods Frameworks";
			outputPaths = (
			);
			runOnlyForDeploymentPostprocessing = 0;
			shellPath = /bin/sh;
			shellScript = "\"${SRCROOT}/Pods/Target Support Files/Pods-PublicFloatTests/Pods-PublicFloatTests-frameworks.sh\"\n";
			showEnvVarsInLog = 0;
		};
		4DBFEFFE7C47A1E004DE2737 /* Check Pods Manifest.lock */ = {
			isa = PBXShellScriptBuildPhase;
			buildActionMask = 2147483647;
			files = (
			);
			inputPaths = (
			);
			name = "Check Pods Manifest.lock";
			outputPaths = (
			);
			runOnlyForDeploymentPostprocessing = 0;
			shellPath = /bin/sh;
			shellScript = "diff \"${PODS_ROOT}/../Podfile.lock\" \"${PODS_ROOT}/Manifest.lock\" > /dev/null\nif [[ $? != 0 ]] ; then\n    cat << EOM\nerror: The sandbox is not in sync with the Podfile.lock. Run 'pod install' or update your CocoaPods installation.\nEOM\n    exit 1\nfi\n";
			showEnvVarsInLog = 0;
		};
		924E77540BFC8D38DE60B54F /* Embed Pods Frameworks */ = {
			isa = PBXShellScriptBuildPhase;
			buildActionMask = 2147483647;
			files = (
			);
			inputPaths = (
			);
			name = "Embed Pods Frameworks";
			outputPaths = (
			);
			runOnlyForDeploymentPostprocessing = 0;
			shellPath = /bin/sh;
			shellScript = "\"${SRCROOT}/Pods/Target Support Files/Pods-PublicFloat/Pods-PublicFloat-frameworks.sh\"\n";
			showEnvVarsInLog = 0;
		};
		B1196F44824FB2700F6027DB /* Copy Pods Resources */ = {
			isa = PBXShellScriptBuildPhase;
			buildActionMask = 2147483647;
			files = (
			);
			inputPaths = (
			);
			name = "Copy Pods Resources";
			outputPaths = (
			);
			runOnlyForDeploymentPostprocessing = 0;
			shellPath = /bin/sh;
			shellScript = "\"${SRCROOT}/Pods/Target Support Files/Pods-PublicFloatTests/Pods-PublicFloatTests-resources.sh\"\n";
			showEnvVarsInLog = 0;
		};
		EA189D07E488A811D7B409B9 /* Check Pods Manifest.lock */ = {
			isa = PBXShellScriptBuildPhase;
			buildActionMask = 2147483647;
			files = (
			);
			inputPaths = (
			);
			name = "Check Pods Manifest.lock";
			outputPaths = (
			);
			runOnlyForDeploymentPostprocessing = 0;
			shellPath = /bin/sh;
			shellScript = "diff \"${PODS_ROOT}/../Podfile.lock\" \"${PODS_ROOT}/Manifest.lock\" > /dev/null\nif [[ $? != 0 ]] ; then\n    cat << EOM\nerror: The sandbox is not in sync with the Podfile.lock. Run 'pod install' or update your CocoaPods installation.\nEOM\n    exit 1\nfi\n";
			showEnvVarsInLog = 0;
		};
/* End PBXShellScriptBuildPhase section */

/* Begin PBXSourcesBuildPhase section */
		18C7F1D91B84955300D8DF44 /* Sources */ = {
			isa = PBXSourcesBuildPhase;
			buildActionMask = 2147483647;
			files = (
				18C7F1E51B84955300D8DF44 /* ViewController.swift in Sources */,
				18F565C61B98768C00A84DFA /* PFServerAPIStubs.m in Sources */,
				18D6004C1B9DA0F1007EE280 /* HTTPSessionManager.swift in Sources */,
				18C7F1E31B84955300D8DF44 /* AppDelegate.swift in Sources */,
				18D6004F1B9DAF3C007EE280 /* ArtWork.swift in Sources */,
			);
			runOnlyForDeploymentPostprocessing = 0;
		};
		18C7F1EE1B84955300D8DF44 /* Sources */ = {
			isa = PBXSourcesBuildPhase;
			buildActionMask = 2147483647;
			files = (
				18C7F1F91B84955300D8DF44 /* PublicFloatTests.swift in Sources */,
				18934E781BAB130100657490 /* NSObject+AWStubAdditions.m in Sources */,
			);
			runOnlyForDeploymentPostprocessing = 0;
		};
/* End PBXSourcesBuildPhase section */

/* Begin PBXTargetDependency section */
		18C7F1F41B84955300D8DF44 /* PBXTargetDependency */ = {
			isa = PBXTargetDependency;
			target = 18C7F1DC1B84955300D8DF44 /* PublicFloat */;
			targetProxy = 18C7F1F31B84955300D8DF44 /* PBXContainerItemProxy */;
		};
/* End PBXTargetDependency section */

/* Begin PBXVariantGroup section */
		18C7F1E61B84955300D8DF44 /* Main.storyboard */ = {
			isa = PBXVariantGroup;
			children = (
				18C7F1E71B84955300D8DF44 /* Base */,
			);
			name = Main.storyboard;
			sourceTree = "<group>";
		};
		18C7F1EB1B84955300D8DF44 /* LaunchScreen.xib */ = {
			isa = PBXVariantGroup;
			children = (
				18C7F1EC1B84955300D8DF44 /* Base */,
			);
			name = LaunchScreen.xib;
			sourceTree = "<group>";
		};
/* End PBXVariantGroup section */

/* Begin XCBuildConfiguration section */
		18C7F1FA1B84955300D8DF44 /* Debug */ = {
			isa = XCBuildConfiguration;
			buildSettings = {
				ALWAYS_SEARCH_USER_PATHS = NO;
				CLANG_CXX_LANGUAGE_STANDARD = "gnu++0x";
				CLANG_CXX_LIBRARY = "libc++";
				CLANG_ENABLE_MODULES = YES;
				CLANG_ENABLE_OBJC_ARC = YES;
				CLANG_WARN_BOOL_CONVERSION = YES;
				CLANG_WARN_CONSTANT_CONVERSION = YES;
				CLANG_WARN_DIRECT_OBJC_ISA_USAGE = YES_ERROR;
				CLANG_WARN_EMPTY_BODY = YES;
				CLANG_WARN_ENUM_CONVERSION = YES;
				CLANG_WARN_INT_CONVERSION = YES;
				CLANG_WARN_OBJC_ROOT_CLASS = YES_ERROR;
				CLANG_WARN_UNREACHABLE_CODE = YES;
				CLANG_WARN__DUPLICATE_METHOD_MATCH = YES;
				"CODE_SIGN_IDENTITY[sdk=iphoneos*]" = "iPhone Developer";
				COPY_PHASE_STRIP = NO;
				DEBUG_INFORMATION_FORMAT = "dwarf-with-dsym";
				ENABLE_STRICT_OBJC_MSGSEND = YES;
				GCC_C_LANGUAGE_STANDARD = gnu99;
				GCC_DYNAMIC_NO_PIC = NO;
				GCC_NO_COMMON_BLOCKS = YES;
				GCC_OPTIMIZATION_LEVEL = 0;
				GCC_PREPROCESSOR_DEFINITIONS = (
					"DEBUG=1",
					"$(inherited)",
				);
				GCC_SYMBOLS_PRIVATE_EXTERN = NO;
				GCC_WARN_64_TO_32_BIT_CONVERSION = YES;
				GCC_WARN_ABOUT_RETURN_TYPE = YES_ERROR;
				GCC_WARN_UNDECLARED_SELECTOR = YES;
				GCC_WARN_UNINITIALIZED_AUTOS = YES_AGGRESSIVE;
				GCC_WARN_UNUSED_FUNCTION = YES;
				GCC_WARN_UNUSED_VARIABLE = YES;
				IPHONEOS_DEPLOYMENT_TARGET = 8.4;
				MTL_ENABLE_DEBUG_INFO = YES;
				ONLY_ACTIVE_ARCH = YES;
				SDKROOT = iphoneos;
				SWIFT_OPTIMIZATION_LEVEL = "-Onone";
			};
			name = Debug;
		};
		18C7F1FB1B84955300D8DF44 /* Release */ = {
			isa = XCBuildConfiguration;
			buildSettings = {
				ALWAYS_SEARCH_USER_PATHS = NO;
				CLANG_CXX_LANGUAGE_STANDARD = "gnu++0x";
				CLANG_CXX_LIBRARY = "libc++";
				CLANG_ENABLE_MODULES = YES;
				CLANG_ENABLE_OBJC_ARC = YES;
				CLANG_WARN_BOOL_CONVERSION = YES;
				CLANG_WARN_CONSTANT_CONVERSION = YES;
				CLANG_WARN_DIRECT_OBJC_ISA_USAGE = YES_ERROR;
				CLANG_WARN_EMPTY_BODY = YES;
				CLANG_WARN_ENUM_CONVERSION = YES;
				CLANG_WARN_INT_CONVERSION = YES;
				CLANG_WARN_OBJC_ROOT_CLASS = YES_ERROR;
				CLANG_WARN_UNREACHABLE_CODE = YES;
				CLANG_WARN__DUPLICATE_METHOD_MATCH = YES;
				"CODE_SIGN_IDENTITY[sdk=iphoneos*]" = "iPhone Developer";
				COPY_PHASE_STRIP = NO;
				DEBUG_INFORMATION_FORMAT = "dwarf-with-dsym";
				ENABLE_NS_ASSERTIONS = NO;
				ENABLE_STRICT_OBJC_MSGSEND = YES;
				GCC_C_LANGUAGE_STANDARD = gnu99;
				GCC_NO_COMMON_BLOCKS = YES;
				GCC_WARN_64_TO_32_BIT_CONVERSION = YES;
				GCC_WARN_ABOUT_RETURN_TYPE = YES_ERROR;
				GCC_WARN_UNDECLARED_SELECTOR = YES;
				GCC_WARN_UNINITIALIZED_AUTOS = YES_AGGRESSIVE;
				GCC_WARN_UNUSED_FUNCTION = YES;
				GCC_WARN_UNUSED_VARIABLE = YES;
				IPHONEOS_DEPLOYMENT_TARGET = 8.4;
				MTL_ENABLE_DEBUG_INFO = NO;
				SDKROOT = iphoneos;
				VALIDATE_PRODUCT = YES;
			};
			name = Release;
		};
		18C7F1FD1B84955300D8DF44 /* Debug */ = {
			isa = XCBuildConfiguration;
			baseConfigurationReference = 2EEECC896E89A222E699BD9B /* Pods-PublicFloat.debug.xcconfig */;
			buildSettings = {
				ASSETCATALOG_COMPILER_APPICON_NAME = AppIcon;
				CLANG_ENABLE_MODULES = YES;
				DEFINES_MODULE = YES;
				INFOPLIST_FILE = PublicFloat/Info.plist;
				LD_RUNPATH_SEARCH_PATHS = "$(inherited) @executable_path/Frameworks";
				PRODUCT_NAME = "$(TARGET_NAME)";
				SWIFT_OBJC_BRIDGING_HEADER = "PublicFloat/PublicFloat-Bridging-Header.h";
				SWIFT_OPTIMIZATION_LEVEL = "-Onone";
			};
			name = Debug;
		};
		18C7F1FE1B84955300D8DF44 /* Release */ = {
			isa = XCBuildConfiguration;
			baseConfigurationReference = 82797EA8EE0F012FE48F39D4 /* Pods-PublicFloat.release.xcconfig */;
			buildSettings = {
				ASSETCATALOG_COMPILER_APPICON_NAME = AppIcon;
				CLANG_ENABLE_MODULES = YES;
				DEFINES_MODULE = YES;
				INFOPLIST_FILE = PublicFloat/Info.plist;
				LD_RUNPATH_SEARCH_PATHS = "$(inherited) @executable_path/Frameworks";
				PRODUCT_NAME = "$(TARGET_NAME)";
				SWIFT_OBJC_BRIDGING_HEADER = "PublicFloat/PublicFloat-Bridging-Header.h";
			};
			name = Release;
		};
		18C7F2001B84955300D8DF44 /* Debug */ = {
			isa = XCBuildConfiguration;
			baseConfigurationReference = 571D1435F557D76C524A1EB2 /* Pods-PublicFloatTests.debug.xcconfig */;
			buildSettings = {
				BUNDLE_LOADER = "$(TEST_HOST)";
				CLANG_ENABLE_MODULES = YES;
				FRAMEWORK_SEARCH_PATHS = (
					"$(SDKROOT)/Developer/Library/Frameworks",
					"$(inherited)",
				);
				GCC_PREPROCESSOR_DEFINITIONS = (
					"DEBUG=1",
					"$(inherited)",
				);
				INFOPLIST_FILE = PublicFloatTests/Info.plist;
				LD_RUNPATH_SEARCH_PATHS = "$(inherited) @executable_path/Frameworks @loader_path/Frameworks";
				PRODUCT_NAME = "$(TARGET_NAME)";
				SWIFT_OBJC_BRIDGING_HEADER = "PublicFloatTests/PublicFloatTests-Bridging-Header.h";
				SWIFT_OPTIMIZATION_LEVEL = "-Onone";
				TEST_HOST = "$(BUILT_PRODUCTS_DIR)/PublicFloat.app/PublicFloat";
			};
			name = Debug;
		};
		18C7F2011B84955300D8DF44 /* Release */ = {
			isa = XCBuildConfiguration;
			baseConfigurationReference = 075551875E2DBE7263AE4A39 /* Pods-PublicFloatTests.release.xcconfig */;
			buildSettings = {
				BUNDLE_LOADER = "$(TEST_HOST)";
				CLANG_ENABLE_MODULES = YES;
				FRAMEWORK_SEARCH_PATHS = (
					"$(SDKROOT)/Developer/Library/Frameworks",
					"$(inherited)",
				);
				INFOPLIST_FILE = PublicFloatTests/Info.plist;
				LD_RUNPATH_SEARCH_PATHS = "$(inherited) @executable_path/Frameworks @loader_path/Frameworks";
				PRODUCT_NAME = "$(TARGET_NAME)";
				SWIFT_OBJC_BRIDGING_HEADER = "PublicFloatTests/PublicFloatTests-Bridging-Header.h";
				TEST_HOST = "$(BUILT_PRODUCTS_DIR)/PublicFloat.app/PublicFloat";
			};
			name = Release;
		};
/* End XCBuildConfiguration section */

/* Begin XCConfigurationList section */
		18C7F1D81B84955300D8DF44 /* Build configuration list for PBXProject "PublicFloat" */ = {
			isa = XCConfigurationList;
			buildConfigurations = (
				18C7F1FA1B84955300D8DF44 /* Debug */,
				18C7F1FB1B84955300D8DF44 /* Release */,
			);
			defaultConfigurationIsVisible = 0;
			defaultConfigurationName = Release;
		};
		18C7F1FC1B84955300D8DF44 /* Build configuration list for PBXNativeTarget "PublicFloat" */ = {
			isa = XCConfigurationList;
			buildConfigurations = (
				18C7F1FD1B84955300D8DF44 /* Debug */,
				18C7F1FE1B84955300D8DF44 /* Release */,
			);
			defaultConfigurationIsVisible = 0;
			defaultConfigurationName = Release;
		};
		18C7F1FF1B84955300D8DF44 /* Build configuration list for PBXNativeTarget "PublicFloatTests" */ = {
			isa = XCConfigurationList;
			buildConfigurations = (
				18C7F2001B84955300D8DF44 /* Debug */,
				18C7F2011B84955300D8DF44 /* Release */,
			);
			defaultConfigurationIsVisible = 0;
			defaultConfigurationName = Release;
		};
/* End XCConfigurationList section */
	};
	rootObject = 18C7F1D51B84955300D8DF44 /* Project object */;
}
