PODS:
  - AFNetworking (2.6.0):
    - AFNetworking/NSURLConnection (= 2.6.0)
    - AFNetworking/NSURLSession (= 2.6.0)
    - AFNetworking/Reachability (= 2.6.0)
    - AFNetworking/Security (= 2.6.0)
    - AFNetworking/Serialization (= 2.6.0)
    - AFNetworking/UIKit (= 2.6.0)
  - AFNetworking/NSURLConnection (2.6.0):
    - AFNetworking/Reachability
    - AFNetworking/Security
    - AFNetworking/Serialization
  - AFNetworking/NSURLSession (2.6.0):
    - AFNetworking/Reachability
    - AFNetworking/Security
    - AFNetworking/Serialization
  - AFNetworking/Reachability (2.6.0)
  - AFNetworking/Security (2.6.0)
  - AFNetworking/Serialization (2.6.0)
  - AFNetworking/UIKit (2.6.0):
    - AFNetworking/NSURLConnection
    - AFNetworking/NSURLSession
  - Alamofire (1.3.1)
  - FLKAutoLayout (0.2.1)
  - Nimble (1.0.0)
  - OHHTTPStubs (4.2.0):
    - OHHTTPStubs/Default (= 4.2.0)
  - OHHTTPStubs/Core (4.2.0)
  - OHHTTPStubs/Default (4.2.0):
    - OHHTTPStubs/Core
    - OHHTTPStubs/JSON
    - OHHTTPStubs/NSURLSession
    - OHHTTPStubs/OHPathHelpers
  - OHHTTPStubs/JSON (4.2.0):
    - OHHTTPStubs/Core
  - OHHTTPStubs/NSURLSession (4.2.0):
    - OHHTTPStubs/Core
  - OHHTTPStubs/OHPathHelpers (4.2.0)
  - ORStackView (2.0.0):
    - FLKAutoLayout (~> 0.1)
  - Quick (0.3.1)
  - RxCocoa (1.9.1):
    - RxSwift (~> 1.0)
  - RxSwift (1.9.1)
  - SwiftyJSON (2.2.1)

DEPENDENCIES:
  - AFNetworking (~> 2.0)
  - Alamofire (~> 1.3)
  - Nimble (~> 1.0.0)
  - OHHTTPStubs
  - ORStackView (~> 2.0)
  - Quick (~> 0.3.0)
  - RxCocoa
  - RxSwift
  - SwiftyJSON (~> 2.1)

SPEC CHECKSUMS:
  AFNetworking: 79f7eb1a0fcfa7beb409332b2ca49afe9ce53b05
  Alamofire: e4ab637e3195b645c814b87a652373439e59f2a4
  FLKAutoLayout: 9db6b30c2008d230da608e62c607b11c23b942e6
  Nimble: 8bee528e5fcc403653076545db562d2b5db7bb87
  OHHTTPStubs: f639130b83fb5f4f022d38f841141b0a6fa77249
  ORStackView: 5df6b1b990b0648d8ef6f69f89361ea8648e8f64
  Quick: 824572d3d198d51e52cf4aa722cebf7e59952a35
  RxCocoa: b6665f77023bbdf428b92aa3338078e1e6bac39a
  RxSwift: 546de2efb7f97f748f6c637d00846d4dd8600f62
  SwiftyJSON: ae2d0a3d68025d136602a33c4ee215091ced3e33

COCOAPODS: 0.37.2
